{
  "version": 4,
  "terraform_version": "0.12.25",
  "serial": 14,
  "lineage": "4bf86bf0-6523-95de-6c0e-4b3f0ec3f609",
  "outputs": {},
  "resources": [
    {
      "mode": "managed",
      "type": "azurerm_lb",
      "name": "test03",
      "provider": "provider.azurerm",
      "instances": [
        {
          "schema_version": 0,
          "attributes": {
            "frontend_ip_configuration": [
              {
                "inbound_nat_rules": [],
                "load_balancer_rules": [
                  "/subscriptions/53e27966-3c0c-4161-9b47-3df43eabc630/resourceGroups/autoscaling-terraform/providers/Microsoft.Network/loadBalancers/astm-loadbalancer/loadBalancingRules/LBRule"
                ],
                "name": "PublicIPAddress",
                "outbound_rules": [],
                "private_ip_address": "",
                "private_ip_address_allocation": "Dynamic",
                "public_ip_address_id": "/subscriptions/53e27966-3c0c-4161-9b47-3df43eabc630/resourceGroups/autoscaling-terraform/providers/Microsoft.Network/publicIPAddresses/asft-public-ip",
                "public_ip_prefix_id": "",
                "subnet_id": "",
                "zones": []
              }
            ],
            "id": "/subscriptions/53e27966-3c0c-4161-9b47-3df43eabc630/resourceGroups/autoscaling-terraform/providers/Microsoft.Network/loadBalancers/astm-loadbalancer",
            "location": "westeurope",
            "name": "astm-loadbalancer",
            "private_ip_address": "",
            "private_ip_addresses": [],
            "resource_group_name": "autoscaling-terraform",
            "sku": "Basic",
            "tags": {}
          },
          "private": "bnVsbA==",
          "dependencies": [
            "azurerm_public_ip.test",
            "azurerm_resource_group.test03"
          ]
        }
      ]
    },
    {
      "mode": "managed",
      "type": "azurerm_lb_backend_address_pool",
      "name": "bpepool",
      "provider": "provider.azurerm",
      "instances": [
        {
          "schema_version": 0,
          "attributes": {
            "backend_ip_configurations": [],
            "id": "/subscriptions/53e27966-3c0c-4161-9b47-3df43eabc630/resourceGroups/autoscaling-terraform/providers/Microsoft.Network/loadBalancers/astm-loadbalancer/backendAddressPools/BackEndAddressPool",
            "load_balancing_rules": [
              "/subscriptions/53e27966-3c0c-4161-9b47-3df43eabc630/resourceGroups/autoscaling-terraform/providers/Microsoft.Network/loadBalancers/astm-loadbalancer/loadBalancingRules/LBRule"
            ],
            "loadbalancer_id": "/subscriptions/53e27966-3c0c-4161-9b47-3df43eabc630/resourceGroups/autoscaling-terraform/providers/Microsoft.Network/loadBalancers/astm-loadbalancer",
            "location": null,
            "name": "BackEndAddressPool",
            "resource_group_name": "autoscaling-terraform"
          },
          "private": "bnVsbA==",
          "dependencies": [
            "azurerm_lb.test03",
            "azurerm_public_ip.test",
            "azurerm_resource_group.test03"
          ]
        }
      ]
    },
    {
      "mode": "managed",
      "type": "azurerm_lb_nat_pool",
      "name": "lbnatpool",
      "provider": "provider.azurerm",
      "instances": [
        {
          "schema_version": 0,
          "attributes": {
            "backend_port": 22,
            "frontend_ip_configuration_id": "/subscriptions/53e27966-3c0c-4161-9b47-3df43eabc630/resourceGroups/autoscaling-terraform/providers/Microsoft.Network/loadBalancers/astm-loadbalancer/frontendIPConfigurations/PublicIPAddress",
            "frontend_ip_configuration_name": "PublicIPAddress",
            "frontend_port_end": 50119,
            "frontend_port_start": 50000,
            "id": "/subscriptions/53e27966-3c0c-4161-9b47-3df43eabc630/resourceGroups/autoscaling-terraform/providers/Microsoft.Network/loadBalancers/astm-loadbalancer/inboundNatPools/ssh",
            "loadbalancer_id": "/subscriptions/53e27966-3c0c-4161-9b47-3df43eabc630/resourceGroups/autoscaling-terraform/providers/Microsoft.Network/loadBalancers/astm-loadbalancer",
            "location": null,
            "name": "ssh",
            "protocol": "Tcp",
            "resource_group_name": "autoscaling-terraform"
          },
          "private": "bnVsbA==",
          "dependencies": [
            "azurerm_lb.test03",
            "azurerm_public_ip.test",
            "azurerm_resource_group.test03"
          ]
        }
      ]
    },
    {
      "mode": "managed",
      "type": "azurerm_lb_probe",
      "name": "test03",
      "provider": "provider.azurerm",
      "instances": [
        {
          "schema_version": 0,
          "attributes": {
            "id": "/subscriptions/53e27966-3c0c-4161-9b47-3df43eabc630/resourceGroups/autoscaling-terraform/providers/Microsoft.Network/loadBalancers/astm-loadbalancer/probes/http-probe",
            "interval_in_seconds": 15,
            "load_balancer_rules": [
              "/subscriptions/53e27966-3c0c-4161-9b47-3df43eabc630/resourceGroups/autoscaling-terraform/providers/Microsoft.Network/loadBalancers/astm-loadbalancer/loadBalancingRules/LBRule"
            ],
            "loadbalancer_id": "/subscriptions/53e27966-3c0c-4161-9b47-3df43eabc630/resourceGroups/autoscaling-terraform/providers/Microsoft.Network/loadBalancers/astm-loadbalancer",
            "location": null,
            "name": "http-probe",
            "number_of_probes": 2,
            "port": 80,
            "protocol": "Http",
            "request_path": "/",
            "resource_group_name": "autoscaling-terraform"
          },
          "private": "bnVsbA==",
          "dependencies": [
            "azurerm_lb.test03",
            "azurerm_public_ip.test",
            "azurerm_resource_group.test03"
          ]
        }
      ]
    },
    {
      "mode": "managed",
      "type": "azurerm_lb_rule",
      "name": "test03",
      "provider": "provider.azurerm",
      "instances": [
        {
          "schema_version": 0,
          "attributes": {
            "backend_address_pool_id": "/subscriptions/53e27966-3c0c-4161-9b47-3df43eabc630/resourceGroups/autoscaling-terraform/providers/Microsoft.Network/loadBalancers/astm-loadbalancer/backendAddressPools/BackEndAddressPool",
            "backend_port": 80,
            "disable_outbound_snat": false,
            "enable_floating_ip": false,
            "frontend_ip_configuration_id": "/subscriptions/53e27966-3c0c-4161-9b47-3df43eabc630/resourceGroups/autoscaling-terraform/providers/Microsoft.Network/loadBalancers/astm-loadbalancer/frontendIPConfigurations/PublicIPAddress",
            "frontend_ip_configuration_name": "PublicIPAddress",
            "frontend_port": 80,
            "id": "/subscriptions/53e27966-3c0c-4161-9b47-3df43eabc630/resourceGroups/autoscaling-terraform/providers/Microsoft.Network/loadBalancers/astm-loadbalancer/loadBalancingRules/LBRule",
            "idle_timeout_in_minutes": 4,
            "load_distribution": "Default",
            "loadbalancer_id": "/subscriptions/53e27966-3c0c-4161-9b47-3df43eabc630/resourceGroups/autoscaling-terraform/providers/Microsoft.Network/loadBalancers/astm-loadbalancer",
            "location": null,
            "name": "LBRule",
            "probe_id": "/subscriptions/53e27966-3c0c-4161-9b47-3df43eabc630/resourceGroups/autoscaling-terraform/providers/Microsoft.Network/loadBalancers/astm-loadbalancer/probes/http-probe",
            "protocol": "Tcp",
            "resource_group_name": "autoscaling-terraform"
          },
          "private": "bnVsbA==",
          "dependencies": [
            "azurerm_lb.test03",
            "azurerm_lb_backend_address_pool.bpepool",
            "azurerm_lb_probe.test03",
            "azurerm_public_ip.test",
            "azurerm_resource_group.test03"
          ]
        }
      ]
    },
    {
      "mode": "managed",
      "type": "azurerm_monitor_autoscale_setting",
      "name": "example",
      "provider": "provider.azurerm",
      "instances": [
        {
          "schema_version": 0,
          "attributes": {
            "enabled": true,
            "id": "/subscriptions/53e27966-3c0c-4161-9b47-3df43eabc630/resourceGroups/autoscaling-terraform/providers/microsoft.insights/autoscalesettings/astf-autoscaling",
            "location": "westeurope",
            "name": "astf-autoscaling",
            "notification": [
              {
                "email": [
                  {
                    "custom_emails": [
                      "alexdesousa@gmail.com"
                    ],
                    "send_to_subscription_administrator": false,
                    "send_to_subscription_co_administrator": false
                  }
                ],
                "webhook": []
              }
            ],
            "profile": [
              {
                "capacity": [
                  {
                    "default": 2,
                    "maximum": 4,
                    "minimum": 2
                  }
                ],
                "fixed_date": [],
                "name": "defaultProfile",
                "recurrence": [],
                "rule": [
                  {
                    "metric_trigger": [
                      {
                        "metric_name": "Percentage CPU",
                        "metric_resource_id": "/subscriptions/53e27966-3c0c-4161-9b47-3df43eabc630/resourceGroups/autoscaling-terraform/providers/Microsoft.Compute/virtualMachineScaleSets/astf-1",
                        "operator": "GreaterThan",
                        "statistic": "Average",
                        "threshold": 40,
                        "time_aggregation": "Average",
                        "time_grain": "PT1M",
                        "time_window": "PT5M"
                      }
                    ],
                    "scale_action": [
                      {
                        "cooldown": "PT1M",
                        "direction": "Increase",
                        "type": "ChangeCount",
                        "value": 1
                      }
                    ]
                  },
                  {
                    "metric_trigger": [
                      {
                        "metric_name": "Percentage CPU",
                        "metric_resource_id": "/subscriptions/53e27966-3c0c-4161-9b47-3df43eabc630/resourceGroups/autoscaling-terraform/providers/Microsoft.Compute/virtualMachineScaleSets/astf-1",
                        "operator": "LessThan",
                        "statistic": "Average",
                        "threshold": 10,
                        "time_aggregation": "Average",
                        "time_grain": "PT1M",
                        "time_window": "PT5M"
                      }
                    ],
                    "scale_action": [
                      {
                        "cooldown": "PT1M",
                        "direction": "Decrease",
                        "type": "ChangeCount",
                        "value": 1
                      }
                    ]
                  }
                ]
              }
            ],
            "resource_group_name": "autoscaling-terraform",
            "tags": {},
            "target_resource_id": "/subscriptions/53e27966-3c0c-4161-9b47-3df43eabc630/resourceGroups/autoscaling-terraform/providers/Microsoft.Compute/virtualMachineScaleSets/astf-1"
          },
          "private": "bnVsbA==",
          "dependencies": [
            "azurerm_lb_backend_address_pool.bpepool",
            "azurerm_lb_nat_pool.lbnatpool",
            "azurerm_lb_probe.test03",
            "azurerm_network_security_group.astf-instance",
            "azurerm_resource_group.test03",
            "azurerm_subnet.Subnet01",
            "azurerm_virtual_machine_scale_set.test03"
          ]
        }
      ]
    },
    {
      "mode": "managed",
      "type": "azurerm_network_security_group",
      "name": "astf-instance",
      "provider": "provider.azurerm",
      "instances": [
        {
          "schema_version": 0,
          "attributes": {
            "id": "/subscriptions/53e27966-3c0c-4161-9b47-3df43eabc630/resourceGroups/autoscaling-terraform/providers/Microsoft.Network/networkSecurityGroups/astf-instance-nsg",
            "location": "westeurope",
            "name": "astf-instance-nsg",
            "resource_group_name": "autoscaling-terraform",
            "security_rule": [
              {
                "access": "Allow",
                "description": "",
                "destination_address_prefix": "*",
                "destination_address_prefixes": [],
                "destination_application_security_group_ids": [],
                "destination_port_range": "22",
                "destination_port_ranges": [],
                "direction": "Inbound",
                "name": "SSH",
                "priority": 255,
                "protocol": "Tcp",
                "source_address_prefix": "*",
                "source_address_prefixes": [],
                "source_application_security_group_ids": [],
                "source_port_range": "*",
                "source_port_ranges": []
              },
              {
                "access": "Allow",
                "description": "",
                "destination_address_prefix": "*",
                "destination_address_prefixes": [],
                "destination_application_security_group_ids": [],
                "destination_port_range": "80",
                "destination_port_ranges": [],
                "direction": "Inbound",
                "name": "HTTP",
                "priority": 250,
                "protocol": "Tcp",
                "source_address_prefix": "*",
                "source_address_prefixes": [],
                "source_application_security_group_ids": [],
                "source_port_range": "*",
                "source_port_ranges": []
              }
            ],
            "tags": {}
          },
          "private": "bnVsbA==",
          "dependencies": [
            "azurerm_resource_group.test03"
          ]
        }
      ]
    },
    {
      "mode": "managed",
      "type": "azurerm_public_ip",
      "name": "test",
      "provider": "provider.azurerm",
      "instances": [
        {
          "schema_version": 0,
          "attributes": {
            "allocation_method": "Static",
            "domain_name_label": "autoscaling-terraform",
            "fqdn": "autoscaling-terraform.westeurope.cloudapp.azure.com",
            "id": "/subscriptions/53e27966-3c0c-4161-9b47-3df43eabc630/resourceGroups/autoscaling-terraform/providers/Microsoft.Network/publicIPAddresses/asft-public-ip",
            "idle_timeout_in_minutes": 4,
            "ip_address": "52.232.98.195",
            "ip_version": "IPv4",
            "location": "westeurope",
            "name": "asft-public-ip",
            "public_ip_address_allocation": "Static",
            "public_ip_prefix_id": null,
            "resource_group_name": "autoscaling-terraform",
            "reverse_fqdn": "",
            "sku": "Basic",
            "tags": {},
            "zones": []
          },
          "private": "bnVsbA==",
          "dependencies": [
            "azurerm_resource_group.test03"
          ]
        }
      ]
    },
    {
      "mode": "managed",
      "type": "azurerm_resource_group",
      "name": "test03",
      "provider": "provider.azurerm",
      "instances": [
        {
          "schema_version": 0,
          "attributes": {
            "id": "/subscriptions/53e27966-3c0c-4161-9b47-3df43eabc630/resourceGroups/autoscaling-terraform",
            "location": "westeurope",
            "name": "autoscaling-terraform",
            "tags": {}
          },
          "private": "bnVsbA=="
        }
      ]
    },
    {
      "mode": "managed",
      "type": "azurerm_subnet",
      "name": "Subnet01",
      "provider": "provider.azurerm",
      "instances": [
        {
          "schema_version": 0,
          "attributes": {
            "address_prefix": "172.16.1.0/27",
            "delegation": [],
            "id": "/subscriptions/53e27966-3c0c-4161-9b47-3df43eabc630/resourceGroups/autoscaling-terraform/providers/Microsoft.Network/virtualNetworks/astf-network/subnets/Subnet01",
            "ip_configurations": [],
            "name": "Subnet01",
            "network_security_group_id": "",
            "resource_group_name": "autoscaling-terraform",
            "route_table_id": "",
            "service_endpoints": [],
            "virtual_network_name": "astf-network"
          },
          "private": "bnVsbA==",
          "dependencies": [
            "azurerm_resource_group.test03",
            "azurerm_virtual_network.test03"
          ]
        }
      ]
    },
    {
      "mode": "managed",
      "type": "azurerm_virtual_machine_scale_set",
      "name": "test03",
      "provider": "provider.azurerm",
      "instances": [
        {
          "schema_version": 1,
          "attributes": {
            "automatic_os_upgrade": true,
            "boot_diagnostics": [],
            "eviction_policy": "",
            "extension": [],
            "health_probe_id": "/subscriptions/53e27966-3c0c-4161-9b47-3df43eabc630/resourceGroups/autoscaling-terraform/providers/Microsoft.Network/loadBalancers/astm-loadbalancer/probes/http-probe",
            "id": "/subscriptions/53e27966-3c0c-4161-9b47-3df43eabc630/resourceGroups/autoscaling-terraform/providers/Microsoft.Compute/virtualMachineScaleSets/astf-1",
            "identity": [],
            "license_type": "",
            "location": "westeurope",
            "name": "astf-1",
            "network_profile": [
              {
                "accelerated_networking": null,
                "dns_settings": [],
                "ip_configuration": [
                  {
                    "application_gateway_backend_address_pool_ids": [],
                    "application_security_group_ids": [],
                    "load_balancer_backend_address_pool_ids": [
                      "/subscriptions/53e27966-3c0c-4161-9b47-3df43eabc630/resourceGroups/autoscaling-terraform/providers/Microsoft.Network/loadBalancers/astm-loadbalancer/backendAddressPools/BackEndAddressPool"
                    ],
                    "load_balancer_inbound_nat_rules_ids": [
                      "/subscriptions/53e27966-3c0c-4161-9b47-3df43eabc630/resourceGroups/autoscaling-terraform/providers/Microsoft.Network/loadBalancers/astm-loadbalancer/inboundNatPools/ssh"
                    ],
                    "name": "IPConfiguration",
                    "primary": true,
                    "public_ip_address_configuration": [],
                    "subnet_id": "/subscriptions/53e27966-3c0c-4161-9b47-3df43eabc630/resourceGroups/autoscaling-terraform/providers/Microsoft.Network/virtualNetworks/astf-network/subnets/Subnet01"
                  }
                ],
                "ip_forwarding": false,
                "name": "astf-networkprofile",
                "network_security_group_id": "/subscriptions/53e27966-3c0c-4161-9b47-3df43eabc630/resourceGroups/autoscaling-terraform/providers/Microsoft.Network/networkSecurityGroups/astf-instance-nsg",
                "primary": true
              }
            ],
            "os_profile": [
              {
                "admin_password": "",
                "admin_username": "linuxusr",
                "computer_name_prefix": "astftest",
                "custom_data": "IyEvYmluL2Jhc2gKCmFwdC1nZXQgdXBkYXRlICYmIGFwdC1nZXQgaW5zdGFsbCAteSBuZ2lueCAmJiBzeXN0ZW1jdGwgZW5hYmxlIG5naW54ICYmIHN5c3RlbWN0bCBzdGFydCBuZ2lueA=="
              }
            ],
            "os_profile_linux_config": [
              {
                "disable_password_authentication": true,
                "ssh_keys": [
                  {
                    "key_data": "---- BEGIN SSH2 PUBLIC KEY ----\r\nComment: \"rsa-key-20200518\"\r\nAAAAB3NzaC1yc2EAAAABJQAAAQEAiudpX3pNZszPf5FTn64acsEzegMyGEIRV0PT\r\njKpZKoWqbNcm6ky8fKu1c3nbzVciNewftYqOkTn8zflP7AahKxKiB5qD2rUgMgdM\r\nKMapBUAfxN4LlPQgFUdtPR5R4xV5ka5ti95+x5hsh8XrafnH3gzNSWXbQTaP/ZW0\r\nU/b/5d8hJCLM6v1n49kAx1jB/lAE8lD8UWQb9+FTdjOZCfyYvsttTIy4oDr0HWKw\r\nhFsgVFM+yMPlg2rUyOThmhXJOg78mQgXT5Aq4g9kxzrT8KHl5GnFk20knYRMOmZg\r\niyU8iTABdJdurS4Ar5zmdWpt5Sdn5XE6/nX+26udDXzSkia03Q==\r\n---- END SSH2 PUBLIC KEY ----\r\n",
                    "path": "/home/linuxusr/.ssh/authorized_keys"
                  }
                ]
              }
            ],
            "os_profile_secrets": [],
            "os_profile_windows_config": [],
            "overprovision": true,
            "plan": [],
            "priority": "",
            "proximity_placement_group_id": null,
            "resource_group_name": "autoscaling-terraform",
            "rolling_upgrade_policy": [
              {
                "max_batch_instance_percent": 20,
                "max_unhealthy_instance_percent": 20,
                "max_unhealthy_upgraded_instance_percent": 5,
                "pause_time_between_batches": "PT0S"
              }
            ],
            "single_placement_group": true,
            "sku": [
              {
                "capacity": 2,
                "name": "Standard_A1_v2",
                "tier": "Standard"
              }
            ],
            "storage_profile_data_disk": [
              {
                "caching": "ReadWrite",
                "create_option": "Empty",
                "disk_size_gb": 10,
                "lun": 0,
                "managed_disk_type": "Standard_LRS"
              }
            ],
            "storage_profile_image_reference": [
              {
                "id": "",
                "offer": "UbuntuServer",
                "publisher": "Canonical",
                "sku": "18.04-LTS",
                "version": "latest"
              }
            ],
            "storage_profile_os_disk": [
              {
                "caching": "ReadWrite",
                "create_option": "FromImage",
                "image": "",
                "managed_disk_type": "Standard_LRS",
                "name": "",
                "os_type": "",
                "vhd_containers": []
              }
            ],
            "tags": {},
            "upgrade_policy_mode": "Rolling",
            "zones": []
          },
          "private": "eyJzY2hlbWFfdmVyc2lvbiI6IjEifQ==",
          "dependencies": [
            "azurerm_lb_backend_address_pool.bpepool",
            "azurerm_lb_nat_pool.lbnatpool",
            "azurerm_lb_probe.test03",
            "azurerm_network_security_group.astf-instance",
            "azurerm_resource_group.test03",
            "azurerm_subnet.Subnet01"
          ]
        }
      ]
    },
    {
      "mode": "managed",
      "type": "azurerm_virtual_network",
      "name": "test03",
      "provider": "provider.azurerm",
      "instances": [
        {
          "schema_version": 0,
          "attributes": {
            "address_space": [
              "172.16.1.0/24"
            ],
            "ddos_protection_plan": [],
            "dns_servers": [],
            "id": "/subscriptions/53e27966-3c0c-4161-9b47-3df43eabc630/resourceGroups/autoscaling-terraform/providers/Microsoft.Network/virtualNetworks/astf-network",
            "location": "westeurope",
            "name": "astf-network",
            "resource_group_name": "autoscaling-terraform",
            "subnet": [
              {
                "address_prefix": "172.16.1.0/27",
                "id": "/subscriptions/53e27966-3c0c-4161-9b47-3df43eabc630/resourceGroups/autoscaling-terraform/providers/Microsoft.Network/virtualNetworks/astf-network/subnets/Subnet01",
                "name": "Subnet01",
                "security_group": ""
              }
            ],
            "tags": {}
          },
          "private": "bnVsbA==",
          "dependencies": [
            "azurerm_resource_group.test03"
          ]
        }
      ]
    }
  ]
}
