{
  "version": 4,
  "terraform_version": "0.12.25",
  "serial": 21,
  "lineage": "4bf86bf0-6523-95de-6c0e-4b3f0ec3f609",
  "outputs": {},
  "resources": [
    {
      "mode": "managed",
      "type": "azurerm_lb",
      "name": "test03",
      "provider": "provider.azurerm",
      "instances": [
        {
          "schema_version": 0,
          "attributes": {
            "frontend_ip_configuration": [
              {
                "inbound_nat_rules": [
                  "/subscriptions/53e27966-3c0c-4161-9b47-3df43eabc630/resourceGroups/autoscaling-terraform/providers/Microsoft.Network/loadBalancers/astm-loadbalancer/inboundNatRules/ssh.0",
                  "/subscriptions/53e27966-3c0c-4161-9b47-3df43eabc630/resourceGroups/autoscaling-terraform/providers/Microsoft.Network/loadBalancers/astm-loadbalancer/inboundNatRules/ssh.3"
                ],
                "load_balancer_rules": [
                  "/subscriptions/53e27966-3c0c-4161-9b47-3df43eabc630/resourceGroups/autoscaling-terraform/providers/Microsoft.Network/loadBalancers/astm-loadbalancer/loadBalancingRules/LBRule"
                ],
                "name": "PublicIPAddress",
                "outbound_rules": [],
                "private_ip_address": "",
                "private_ip_address_allocation": "Dynamic",
                "public_ip_address_id": "/subscriptions/53e27966-3c0c-4161-9b47-3df43eabc630/resourceGroups/autoscaling-terraform/providers/Microsoft.Network/publicIPAddresses/asft-public-ip",
                "public_ip_prefix_id": "",
                "subnet_id": "",
                "zones": []
              }
            ],
            "id": "/subscriptions/53e27966-3c0c-4161-9b47-3df43eabc630/resourceGroups/autoscaling-terraform/providers/Microsoft.Network/loadBalancers/astm-loadbalancer",
            "location": "westeurope",
            "name": "astm-loadbalancer",
            "private_ip_address": "",
            "private_ip_addresses": [],
            "resource_group_name": "autoscaling-terraform",
            "sku": "Basic",
            "tags": {}
          },
          "private": "bnVsbA==",
          "dependencies": [
            "azurerm_public_ip.test",
            "azurerm_resource_group.test03"
          ]
        }
      ]
    },
    {
      "mode": "managed",
      "type": "azurerm_lb_backend_address_pool",
      "name": "bpepool",
      "provider": "provider.azurerm",
      "instances": [
        {
          "schema_version": 0,
          "attributes": {
            "backend_ip_configurations": [
              "/subscriptions/53e27966-3c0c-4161-9b47-3df43eabc630/resourceGroups/autoscaling-terraform/providers/Microsoft.Compute/virtualMachineScaleSets/astf-1/virtualMachines/0/networkInterfaces/astf-networkprofile/ipConfigurations/IPConfiguration",
              "/subscriptions/53e27966-3c0c-4161-9b47-3df43eabc630/resourceGroups/autoscaling-terraform/providers/Microsoft.Compute/virtualMachineScaleSets/astf-1/virtualMachines/3/networkInterfaces/astf-networkprofile/ipConfigurations/IPConfiguration"
            ],
            "id": "/subscriptions/53e27966-3c0c-4161-9b47-3df43eabc630/resourceGroups/autoscaling-terraform/providers/Microsoft.Network/loadBalancers/astm-loadbalancer/backendAddressPools/BackEndAddressPool",
            "load_balancing_rules": [
              "/subscriptions/53e27966-3c0c-4161-9b47-3df43eabc630/resourceGroups/autoscaling-terraform/providers/Microsoft.Network/loadBalancers/astm-loadbalancer/loadBalancingRules/LBRule"
            ],
            "loadbalancer_id": "/subscriptions/53e27966-3c0c-4161-9b47-3df43eabc630/resourceGroups/autoscaling-terraform/providers/Microsoft.Network/loadBalancers/astm-loadbalancer",
            "location": null,
            "name": "BackEndAddressPool",
            "resource_group_name": "autoscaling-terraform"
          },
          "private": "bnVsbA==",
          "dependencies": [
            "azurerm_lb.test03",
            "azurerm_public_ip.test",
            "azurerm_resource_group.test03"
          ]
        }
      ]
    },
    {
      "mode": "managed",
      "type": "azurerm_lb_probe",
      "name": "test03",
      "provider": "provider.azurerm",
      "instances": [
        {
          "schema_version": 0,
          "attributes": {
            "id": "/subscriptions/53e27966-3c0c-4161-9b47-3df43eabc630/resourceGroups/autoscaling-terraform/providers/Microsoft.Network/loadBalancers/astm-loadbalancer/probes/http-probe",
            "interval_in_seconds": 15,
            "load_balancer_rules": [
              "/subscriptions/53e27966-3c0c-4161-9b47-3df43eabc630/resourceGroups/autoscaling-terraform/providers/Microsoft.Network/loadBalancers/astm-loadbalancer/loadBalancingRules/LBRule"
            ],
            "loadbalancer_id": "/subscriptions/53e27966-3c0c-4161-9b47-3df43eabc630/resourceGroups/autoscaling-terraform/providers/Microsoft.Network/loadBalancers/astm-loadbalancer",
            "location": null,
            "name": "http-probe",
            "number_of_probes": 2,
            "port": 80,
            "protocol": "Http",
            "request_path": "/",
            "resource_group_name": "autoscaling-terraform"
          },
          "private": "bnVsbA==",
          "dependencies": [
            "azurerm_lb.test03",
            "azurerm_public_ip.test",
            "azurerm_resource_group.test03"
          ]
        }
      ]
    },
    {
      "mode": "managed",
      "type": "azurerm_lb_rule",
      "name": "test03",
      "provider": "provider.azurerm",
      "instances": [
        {
          "schema_version": 0,
          "attributes": {
            "backend_address_pool_id": "/subscriptions/53e27966-3c0c-4161-9b47-3df43eabc630/resourceGroups/autoscaling-terraform/providers/Microsoft.Network/loadBalancers/astm-loadbalancer/backendAddressPools/BackEndAddressPool",
            "backend_port": 80,
            "disable_outbound_snat": false,
            "enable_floating_ip": false,
            "frontend_ip_configuration_id": "/subscriptions/53e27966-3c0c-4161-9b47-3df43eabc630/resourceGroups/autoscaling-terraform/providers/Microsoft.Network/loadBalancers/astm-loadbalancer/frontendIPConfigurations/PublicIPAddress",
            "frontend_ip_configuration_name": "PublicIPAddress",
            "frontend_port": 80,
            "id": "/subscriptions/53e27966-3c0c-4161-9b47-3df43eabc630/resourceGroups/autoscaling-terraform/providers/Microsoft.Network/loadBalancers/astm-loadbalancer/loadBalancingRules/LBRule",
            "idle_timeout_in_minutes": 4,
            "load_distribution": "Default",
            "loadbalancer_id": "/subscriptions/53e27966-3c0c-4161-9b47-3df43eabc630/resourceGroups/autoscaling-terraform/providers/Microsoft.Network/loadBalancers/astm-loadbalancer",
            "location": null,
            "name": "LBRule",
            "probe_id": "/subscriptions/53e27966-3c0c-4161-9b47-3df43eabc630/resourceGroups/autoscaling-terraform/providers/Microsoft.Network/loadBalancers/astm-loadbalancer/probes/http-probe",
            "protocol": "Tcp",
            "resource_group_name": "autoscaling-terraform"
          }
        }
      ]
    },
    {
      "mode": "managed",
      "type": "azurerm_public_ip",
      "name": "test",
      "provider": "provider.azurerm",
      "instances": [
        {
          "schema_version": 0,
          "attributes": {
            "allocation_method": "Static",
            "domain_name_label": "autoscaling-terraform",
            "fqdn": "autoscaling-terraform.westeurope.cloudapp.azure.com",
            "id": "/subscriptions/53e27966-3c0c-4161-9b47-3df43eabc630/resourceGroups/autoscaling-terraform/providers/Microsoft.Network/publicIPAddresses/asft-public-ip",
            "idle_timeout_in_minutes": 4,
            "ip_address": "52.232.98.195",
            "ip_version": "IPv4",
            "location": "westeurope",
            "name": "asft-public-ip",
            "public_ip_address_allocation": "Static",
            "public_ip_prefix_id": null,
            "resource_group_name": "autoscaling-terraform",
            "reverse_fqdn": "",
            "sku": "Basic",
            "tags": {},
            "zones": []
          },
          "private": "bnVsbA==",
          "dependencies": [
            "azurerm_resource_group.test03"
          ]
        }
      ]
    },
    {
      "mode": "managed",
      "type": "azurerm_resource_group",
      "name": "test03",
      "provider": "provider.azurerm",
      "instances": [
        {
          "schema_version": 0,
          "attributes": {
            "id": "/subscriptions/53e27966-3c0c-4161-9b47-3df43eabc630/resourceGroups/autoscaling-terraform",
            "location": "westeurope",
            "name": "autoscaling-terraform",
            "tags": {}
          },
          "private": "bnVsbA=="
        }
      ]
    }
  ]
}
